// !$*UTF8*$!
{
	archiveVersion = 1;
	classes = {
	};
	objectVersion = 46;
	objects = {

/* Begin PBXAggregateTarget section */
		"Topaz::TopazPackageTests::ProductTarget" /* TopazPackageTests */ = {
			isa = PBXAggregateTarget;
			buildConfigurationList = OBJ_51 /* Build configuration list for PBXAggregateTarget "TopazPackageTests" */;
			buildPhases = (
			);
			dependencies = (
				OBJ_54 /* PBXTargetDependency */,
			);
			name = TopazPackageTests;
			productName = TopazPackageTests;
		};
/* End PBXAggregateTarget section */

/* Begin PBXBuildFile section */
		02039FE42008C9D60043E564 /* TurnTimer.swift in Sources */ = {isa = PBXBuildFile; fileRef = 02039FE22008C9D60043E564 /* TurnTimer.swift */; };
		02039FE52008C9DA0043E564 /* LogMessage.swift in Sources */ = {isa = PBXBuildFile; fileRef = 02039FE02008C6320043E564 /* LogMessage.swift */; };
		02039FE8200921DE0043E564 /* TurnSource.swift in Sources */ = {isa = PBXBuildFile; fileRef = 02039FE6200921DE0043E564 /* TurnSource.swift */; };
		02039FEA200A289C0043E564 /* Services.swift in Sources */ = {isa = PBXBuildFile; fileRef = 02039FE9200A289C0043E564 /* Services.swift */; };
		02039FEC200B66770043E564 /* Historian.swift in Sources */ = {isa = PBXBuildFile; fileRef = 02039FEB200B66770043E564 /* Historian.swift */; };
		02039FEE200CAEEE0043E564 /* HistoryStore.swift in Sources */ = {isa = PBXBuildFile; fileRef = 02039FED200CAEEE0043E564 /* HistoryStore.swift */; };
		02039FF0200CBBD90043E564 /* ErrorHandling.swift in Sources */ = {isa = PBXBuildFile; fileRef = 02039FEF200CBBD90043E564 /* ErrorHandling.swift */; };
		02243D372024683B00FEBF8A /* TestTurnTimer.swift in Sources */ = {isa = PBXBuildFile; fileRef = 02243D362024683B00FEBF8A /* TestTurnTimer.swift */; };
		025A3F262014D0E100B8C2B0 /* DebugDumper.swift in Sources */ = {isa = PBXBuildFile; fileRef = 025A3F252014D0E100B8C2B0 /* DebugDumper.swift */; };
		025A3F282015035B00B8C2B0 /* Turn.swift in Sources */ = {isa = PBXBuildFile; fileRef = 025A3F272015035B00B8C2B0 /* Turn.swift */; };
		025A3F2A20164E1900B8C2B0 /* DispatchQueue.swift in Sources */ = {isa = PBXBuildFile; fileRef = 025A3F2920164E1900B8C2B0 /* DispatchQueue.swift */; };
		025A3F2C2018C00600B8C2B0 /* TestCase.swift in Sources */ = {isa = PBXBuildFile; fileRef = 025A3F2B2018C00600B8C2B0 /* TestCase.swift */; };
		025A3F2E2018C05800B8C2B0 /* TestHistoryStore.swift in Sources */ = {isa = PBXBuildFile; fileRef = 025A3F2D2018C05800B8C2B0 /* TestHistoryStore.swift */; };
		025A3F302018C34300B8C2B0 /* TestInMemoryHistoryStore.swift in Sources */ = {isa = PBXBuildFile; fileRef = 025A3F2F2018C34300B8C2B0 /* TestInMemoryHistoryStore.swift */; };
		025ADF83201F333000980817 /* TestWorld.swift in Sources */ = {isa = PBXBuildFile; fileRef = 025ADF82201F333000980817 /* TestWorld.swift */; };
		025ADF85201F3D4200980817 /* TestTurnSource.swift in Sources */ = {isa = PBXBuildFile; fileRef = 025ADF84201F3D4200980817 /* TestTurnSource.swift */; };
		025ADF87201F441C00980817 /* TestHistorian.swift in Sources */ = {isa = PBXBuildFile; fileRef = 025ADF86201F441C00980817 /* TestHistorian.swift */; };
		025ADF8920208B5F00980817 /* TestErrors.swift in Sources */ = {isa = PBXBuildFile; fileRef = 025ADF8820208B5F00980817 /* TestErrors.swift */; };
		OBJ_24 /* Package.swift in Sources */ = {isa = PBXBuildFile; fileRef = OBJ_6 /* Package.swift */; };
		OBJ_32 /* TopazBase.framework in Frameworks */ = {isa = PBXBuildFile; fileRef = "Topaz::TopazBase::Product" /* TopazBase.framework */; };
		OBJ_40 /* main.swift in Sources */ = {isa = PBXBuildFile; fileRef = OBJ_11 /* main.swift */; };
		OBJ_42 /* TopazBase.framework in Frameworks */ = {isa = PBXBuildFile; fileRef = "Topaz::TopazBase::Product" /* TopazBase.framework */; };
/* End PBXBuildFile section */

/* Begin PBXContainerItemProxy section */
		02039FDD2007E2660043E564 /* PBXContainerItemProxy */ = {
			isa = PBXContainerItemProxy;
			containerPortal = OBJ_1 /* Project object */;
			proxyType = 1;
			remoteGlobalIDString = "Topaz::TopazBase";
			remoteInfo = TopazBase;
		};
		02039FDE2007E2660043E564 /* PBXContainerItemProxy */ = {
			isa = PBXContainerItemProxy;
			containerPortal = OBJ_1 /* Project object */;
			proxyType = 1;
			remoteGlobalIDString = "Topaz::TopazBase";
			remoteInfo = TopazBase;
		};
		02039FDF2007E2670043E564 /* PBXContainerItemProxy */ = {
			isa = PBXContainerItemProxy;
			containerPortal = OBJ_1 /* Project object */;
			proxyType = 1;
			remoteGlobalIDString = "Topaz::TopazTests";
			remoteInfo = TopazTests;
		};
/* End PBXContainerItemProxy section */

/* Begin PBXFileReference section */
		02039FE02008C6320043E564 /* LogMessage.swift */ = {isa = PBXFileReference; fileEncoding = 4; lastKnownFileType = sourcecode.swift; path = LogMessage.swift; sourceTree = "<group>"; };
		02039FE22008C9D60043E564 /* TurnTimer.swift */ = {isa = PBXFileReference; lastKnownFileType = sourcecode.swift; path = TurnTimer.swift; sourceTree = "<group>"; };
		02039FE6200921DE0043E564 /* TurnSource.swift */ = {isa = PBXFileReference; lastKnownFileType = sourcecode.swift; path = TurnSource.swift; sourceTree = "<group>"; };
		02039FE9200A289C0043E564 /* Services.swift */ = {isa = PBXFileReference; lastKnownFileType = sourcecode.swift; path = Services.swift; sourceTree = "<group>"; };
		02039FEB200B66770043E564 /* Historian.swift */ = {isa = PBXFileReference; lastKnownFileType = sourcecode.swift; path = Historian.swift; sourceTree = "<group>"; };
		02039FED200CAEEE0043E564 /* HistoryStore.swift */ = {isa = PBXFileReference; lastKnownFileType = sourcecode.swift; path = HistoryStore.swift; sourceTree = "<group>"; };
		02039FEF200CBBD90043E564 /* ErrorHandling.swift */ = {isa = PBXFileReference; lastKnownFileType = sourcecode.swift; path = ErrorHandling.swift; sourceTree = "<group>"; };
		02243D362024683B00FEBF8A /* TestTurnTimer.swift */ = {isa = PBXFileReference; lastKnownFileType = sourcecode.swift; path = TestTurnTimer.swift; sourceTree = "<group>"; };
		025A3F252014D0E100B8C2B0 /* DebugDumper.swift */ = {isa = PBXFileReference; lastKnownFileType = sourcecode.swift; path = DebugDumper.swift; sourceTree = "<group>"; };
		025A3F272015035B00B8C2B0 /* Turn.swift */ = {isa = PBXFileReference; lastKnownFileType = sourcecode.swift; path = Turn.swift; sourceTree = "<group>"; };
		025A3F2920164E1900B8C2B0 /* DispatchQueue.swift */ = {isa = PBXFileReference; lastKnownFileType = sourcecode.swift; path = DispatchQueue.swift; sourceTree = "<group>"; };
		025A3F2B2018C00600B8C2B0 /* TestCase.swift */ = {isa = PBXFileReference; lastKnownFileType = sourcecode.swift; path = TestCase.swift; sourceTree = "<group>"; };
		025A3F2D2018C05800B8C2B0 /* TestHistoryStore.swift */ = {isa = PBXFileReference; lastKnownFileType = sourcecode.swift; path = TestHistoryStore.swift; sourceTree = "<group>"; };
		025A3F2F2018C34300B8C2B0 /* TestInMemoryHistoryStore.swift */ = {isa = PBXFileReference; lastKnownFileType = sourcecode.swift; path = TestInMemoryHistoryStore.swift; sourceTree = "<group>"; };
		025ADF82201F333000980817 /* TestWorld.swift */ = {isa = PBXFileReference; lastKnownFileType = sourcecode.swift; path = TestWorld.swift; sourceTree = "<group>"; };
		025ADF84201F3D4200980817 /* TestTurnSource.swift */ = {isa = PBXFileReference; lastKnownFileType = sourcecode.swift; path = TestTurnSource.swift; sourceTree = "<group>"; };
		025ADF86201F441C00980817 /* TestHistorian.swift */ = {isa = PBXFileReference; lastKnownFileType = sourcecode.swift; path = TestHistorian.swift; sourceTree = "<group>"; };
		025ADF8820208B5F00980817 /* TestErrors.swift */ = {isa = PBXFileReference; lastKnownFileType = sourcecode.swift; path = TestErrors.swift; sourceTree = "<group>"; };
		OBJ_11 /* main.swift */ = {isa = PBXFileReference; lastKnownFileType = sourcecode.swift; path = main.swift; sourceTree = "<group>"; };
		OBJ_6 /* Package.swift */ = {isa = PBXFileReference; explicitFileType = sourcecode.swift; path = Package.swift; sourceTree = "<group>"; };
		"Topaz::Topaz::Product" /* Topaz */ = {isa = PBXFileReference; explicitFileType = "compiled.mach-o.executable"; path = Topaz; sourceTree = BUILT_PRODUCTS_DIR; };
		"Topaz::TopazBase::Product" /* TopazBase.framework */ = {isa = PBXFileReference; explicitFileType = wrapper.framework; path = TopazBase.framework; sourceTree = BUILT_PRODUCTS_DIR; };
		"Topaz::TopazTests::Product" /* TopazTests.xctest */ = {isa = PBXFileReference; explicitFileType = wrapper.cfbundle; path = TopazTests.xctest; sourceTree = BUILT_PRODUCTS_DIR; };
/* End PBXFileReference section */

/* Begin PBXFrameworksBuildPhase section */
		OBJ_31 /* Frameworks */ = {
			isa = PBXFrameworksBuildPhase;
			buildActionMask = 0;
			files = (
				OBJ_32 /* TopazBase.framework in Frameworks */,
			);
			runOnlyForDeploymentPostprocessing = 0;
		};
		OBJ_41 /* Frameworks */ = {
			isa = PBXFrameworksBuildPhase;
			buildActionMask = 0;
			files = (
				OBJ_42 /* TopazBase.framework in Frameworks */,
			);
			runOnlyForDeploymentPostprocessing = 0;
		};
		OBJ_49 /* Frameworks */ = {
			isa = PBXFrameworksBuildPhase;
			buildActionMask = 0;
			files = (
			);
			runOnlyForDeploymentPostprocessing = 0;
		};
/* End PBXFrameworksBuildPhase section */

/* Begin PBXGroup section */
		OBJ_10 /* Topaz */ = {
			isa = PBXGroup;
			children = (
				OBJ_11 /* main.swift */,
			);
			name = Topaz;
			path = Sources/Topaz;
			sourceTree = SOURCE_ROOT;
		};
		OBJ_12 /* Tests */ = {
			isa = PBXGroup;
			children = (
				OBJ_13 /* TopazTests */,
			);
			name = Tests;
			sourceTree = SOURCE_ROOT;
		};
		OBJ_13 /* TopazTests */ = {
			isa = PBXGroup;
			children = (
				025A3F2B2018C00600B8C2B0 /* TestCase.swift */,
				025A3F2D2018C05800B8C2B0 /* TestHistoryStore.swift */,
				025A3F2F2018C34300B8C2B0 /* TestInMemoryHistoryStore.swift */,
				025ADF82201F333000980817 /* TestWorld.swift */,
				025ADF84201F3D4200980817 /* TestTurnSource.swift */,
				02243D362024683B00FEBF8A /* TestTurnTimer.swift */,
				025ADF86201F441C00980817 /* TestHistorian.swift */,
				025ADF8820208B5F00980817 /* TestErrors.swift */,
			);
			name = TopazTests;
			path = Tests/TopazTests;
			sourceTree = SOURCE_ROOT;
		};
		OBJ_15 /* Products */ = {
			isa = PBXGroup;
			children = (
				"Topaz::TopazTests::Product" /* TopazTests.xctest */,
				"Topaz::Topaz::Product" /* Topaz */,
				"Topaz::TopazBase::Product" /* TopazBase.framework */,
			);
			name = Products;
			sourceTree = BUILT_PRODUCTS_DIR;
		};
		OBJ_5 = {
			isa = PBXGroup;
			children = (
				OBJ_6 /* Package.swift */,
				OBJ_7 /* Sources */,
				OBJ_12 /* Tests */,
				OBJ_15 /* Products */,
			);
			sourceTree = "<group>";
		};
		OBJ_7 /* Sources */ = {
			isa = PBXGroup;
			children = (
				OBJ_8 /* TopazBase */,
				OBJ_10 /* Topaz */,
			);
			name = Sources;
			sourceTree = SOURCE_ROOT;
		};
		OBJ_8 /* TopazBase */ = {
			isa = PBXGroup;
			children = (
				025A3F272015035B00B8C2B0 /* Turn.swift */,
				02039FEB200B66770043E564 /* Historian.swift */,
				02039FE6200921DE0043E564 /* TurnSource.swift */,
				02039FE22008C9D60043E564 /* TurnTimer.swift */,
				025A3F252014D0E100B8C2B0 /* DebugDumper.swift */,
				02039FED200CAEEE0043E564 /* HistoryStore.swift */,
				02039FE02008C6320043E564 /* LogMessage.swift */,
				02039FEF200CBBD90043E564 /* ErrorHandling.swift */,
				025A3F2920164E1900B8C2B0 /* DispatchQueue.swift */,
				02039FE9200A289C0043E564 /* Services.swift */,
			);
			name = TopazBase;
			path = Sources/TopazBase;
			sourceTree = SOURCE_ROOT;
		};
/* End PBXGroup section */

/* Begin PBXNativeTarget section */
		"Topaz::SwiftPMPackageDescription" /* TopazPackageDescription */ = {
			isa = PBXNativeTarget;
			buildConfigurationList = OBJ_20 /* Build configuration list for PBXNativeTarget "TopazPackageDescription" */;
			buildPhases = (
				OBJ_23 /* Sources */,
			);
			buildRules = (
			);
			dependencies = (
			);
			name = TopazPackageDescription;
			productName = TopazPackageDescription;
			productType = "com.apple.product-type.framework";
		};
		"Topaz::Topaz" /* Topaz */ = {
			isa = PBXNativeTarget;
			buildConfigurationList = OBJ_36 /* Build configuration list for PBXNativeTarget "Topaz" */;
			buildPhases = (
				OBJ_39 /* Sources */,
				OBJ_41 /* Frameworks */,
			);
			buildRules = (
			);
			dependencies = (
				OBJ_43 /* PBXTargetDependency */,
			);
			name = Topaz;
			productName = Topaz;
			productReference = "Topaz::Topaz::Product" /* Topaz */;
			productType = "com.apple.product-type.tool";
		};
		"Topaz::TopazBase" /* TopazBase */ = {
			isa = PBXNativeTarget;
			buildConfigurationList = OBJ_44 /* Build configuration list for PBXNativeTarget "TopazBase" */;
			buildPhases = (
				OBJ_47 /* Sources */,
				OBJ_49 /* Frameworks */,
			);
			buildRules = (
			);
			dependencies = (
			);
			name = TopazBase;
			productName = TopazBase;
			productReference = "Topaz::TopazBase::Product" /* TopazBase.framework */;
			productType = "com.apple.product-type.framework";
		};
		"Topaz::TopazTests" /* TopazTests */ = {
			isa = PBXNativeTarget;
			buildConfigurationList = OBJ_26 /* Build configuration list for PBXNativeTarget "TopazTests" */;
			buildPhases = (
				OBJ_29 /* Sources */,
				OBJ_31 /* Frameworks */,
			);
			buildRules = (
			);
			dependencies = (
				OBJ_33 /* PBXTargetDependency */,
			);
			name = TopazTests;
			productName = TopazTests;
			productReference = "Topaz::TopazTests::Product" /* TopazTests.xctest */;
			productType = "com.apple.product-type.bundle.unit-test";
		};
/* End PBXNativeTarget section */

/* Begin PBXProject section */
		OBJ_1 /* Project object */ = {
			isa = PBXProject;
			attributes = {
				LastUpgradeCheck = 1100;
				TargetAttributes = {
					"Topaz::Topaz" = {
						LastSwiftMigration = 1100;
					};
					"Topaz::TopazBase" = {
						LastSwiftMigration = 1100;
					};
				};
			};
			buildConfigurationList = OBJ_2 /* Build configuration list for PBXProject "Topaz" */;
			compatibilityVersion = "Xcode 3.2";
			developmentRegion = en;
			hasScannedForEncodings = 0;
			knownRegions = (
				en,
				Base,
			);
			mainGroup = OBJ_5;
			productRefGroup = OBJ_15 /* Products */;
			projectDirPath = "";
			projectRoot = "";
			targets = (
				"Topaz::SwiftPMPackageDescription" /* TopazPackageDescription */,
				"Topaz::TopazTests" /* TopazTests */,
				"Topaz::Topaz" /* Topaz */,
				"Topaz::TopazBase" /* TopazBase */,
				"Topaz::TopazPackageTests::ProductTarget" /* TopazPackageTests */,
			);
		};
/* End PBXProject section */

/* Begin PBXSourcesBuildPhase section */
		OBJ_23 /* Sources */ = {
			isa = PBXSourcesBuildPhase;
			buildActionMask = 0;
			files = (
				OBJ_24 /* Package.swift in Sources */,
			);
			runOnlyForDeploymentPostprocessing = 0;
		};
		OBJ_29 /* Sources */ = {
			isa = PBXSourcesBuildPhase;
			buildActionMask = 0;
			files = (
				02243D372024683B00FEBF8A /* TestTurnTimer.swift in Sources */,
				025A3F302018C34300B8C2B0 /* TestInMemoryHistoryStore.swift in Sources */,
				025ADF87201F441C00980817 /* TestHistorian.swift in Sources */,
				025ADF8920208B5F00980817 /* TestErrors.swift in Sources */,
				025ADF85201F3D4200980817 /* TestTurnSource.swift in Sources */,
				025ADF83201F333000980817 /* TestWorld.swift in Sources */,
				025A3F2C2018C00600B8C2B0 /* TestCase.swift in Sources */,
				025A3F2E2018C05800B8C2B0 /* TestHistoryStore.swift in Sources */,
			);
			runOnlyForDeploymentPostprocessing = 0;
		};
		OBJ_39 /* Sources */ = {
			isa = PBXSourcesBuildPhase;
			buildActionMask = 0;
			files = (
				OBJ_40 /* main.swift in Sources */,
			);
			runOnlyForDeploymentPostprocessing = 0;
		};
		OBJ_47 /* Sources */ = {
			isa = PBXSourcesBuildPhase;
			buildActionMask = 0;
			files = (
				025A3F262014D0E100B8C2B0 /* DebugDumper.swift in Sources */,
				02039FEA200A289C0043E564 /* Services.swift in Sources */,
				02039FE52008C9DA0043E564 /* LogMessage.swift in Sources */,
				025A3F2A20164E1900B8C2B0 /* DispatchQueue.swift in Sources */,
				02039FF0200CBBD90043E564 /* ErrorHandling.swift in Sources */,
				025A3F282015035B00B8C2B0 /* Turn.swift in Sources */,
				02039FE8200921DE0043E564 /* TurnSource.swift in Sources */,
				02039FE42008C9D60043E564 /* TurnTimer.swift in Sources */,
				02039FEE200CAEEE0043E564 /* HistoryStore.swift in Sources */,
				02039FEC200B66770043E564 /* Historian.swift in Sources */,
			);
			runOnlyForDeploymentPostprocessing = 0;
		};
/* End PBXSourcesBuildPhase section */

/* Begin PBXTargetDependency section */
		OBJ_33 /* PBXTargetDependency */ = {
			isa = PBXTargetDependency;
			target = "Topaz::TopazBase" /* TopazBase */;
			targetProxy = 02039FDE2007E2660043E564 /* PBXContainerItemProxy */;
		};
		OBJ_43 /* PBXTargetDependency */ = {
			isa = PBXTargetDependency;
			target = "Topaz::TopazBase" /* TopazBase */;
			targetProxy = 02039FDD2007E2660043E564 /* PBXContainerItemProxy */;
		};
		OBJ_54 /* PBXTargetDependency */ = {
			isa = PBXTargetDependency;
			target = "Topaz::TopazTests" /* TopazTests */;
			targetProxy = 02039FDF2007E2670043E564 /* PBXContainerItemProxy */;
		};
/* End PBXTargetDependency section */

/* Begin XCBuildConfiguration section */
		OBJ_21 /* Debug */ = {
			isa = XCBuildConfiguration;
			buildSettings = {
				LD = /usr/bin/true;
				SWIFT_VERSION = 5.0;
			};
			name = Debug;
		};
		OBJ_22 /* Release */ = {
			isa = XCBuildConfiguration;
			buildSettings = {
				LD = /usr/bin/true;
				SWIFT_VERSION = 5.0;
			};
			name = Release;
		};
		OBJ_27 /* Debug */ = {
			isa = XCBuildConfiguration;
			buildSettings = {
				ALWAYS_EMBED_SWIFT_STANDARD_LIBRARIES = YES;
				FRAMEWORK_SEARCH_PATHS = (
					"$(inherited)",
					"$(PLATFORM_DIR)/Developer/Library/Frameworks",
				);
				HEADER_SEARCH_PATHS = "$(inherited)";
				INFOPLIST_FILE = Topaz.xcodeproj/TopazTests_Info.plist;
				LD_RUNPATH_SEARCH_PATHS = "@loader_path/../Frameworks @loader_path/Frameworks";
				OTHER_LDFLAGS = "$(inherited)";
				SWIFT_VERSION = 5.0;
				TARGET_NAME = TopazTests;
			};
			name = Debug;
		};
		OBJ_28 /* Release */ = {
			isa = XCBuildConfiguration;
			buildSettings = {
				ALWAYS_EMBED_SWIFT_STANDARD_LIBRARIES = YES;
				FRAMEWORK_SEARCH_PATHS = (
					"$(inherited)",
					"$(PLATFORM_DIR)/Developer/Library/Frameworks",
				);
				HEADER_SEARCH_PATHS = "$(inherited)";
				INFOPLIST_FILE = Topaz.xcodeproj/TopazTests_Info.plist;
				LD_RUNPATH_SEARCH_PATHS = "@loader_path/../Frameworks @loader_path/Frameworks";
				OTHER_LDFLAGS = "$(inherited)";
				SWIFT_VERSION = 5.0;
				TARGET_NAME = TopazTests;
			};
			name = Release;
		};
		OBJ_3 /* Debug */ = {
			isa = XCBuildConfiguration;
			buildSettings = {
				CLANG_ANALYZER_LOCALIZABILITY_NONLOCALIZED = YES;
				CLANG_ENABLE_OBJC_ARC = YES;
				CLANG_WARN_BLOCK_CAPTURE_AUTORELEASING = YES;
				CLANG_WARN_BOOL_CONVERSION = YES;
				CLANG_WARN_COMMA = YES;
				CLANG_WARN_CONSTANT_CONVERSION = YES;
				CLANG_WARN_DEPRECATED_OBJC_IMPLEMENTATIONS = YES;
				CLANG_WARN_EMPTY_BODY = YES;
				CLANG_WARN_ENUM_CONVERSION = YES;
				CLANG_WARN_INFINITE_RECURSION = YES;
				CLANG_WARN_INT_CONVERSION = YES;
				CLANG_WARN_NON_LITERAL_NULL_CONVERSION = YES;
				CLANG_WARN_OBJC_IMPLICIT_RETAIN_SELF = YES;
				CLANG_WARN_OBJC_LITERAL_CONVERSION = YES;
				CLANG_WARN_RANGE_LOOP_ANALYSIS = YES;
				CLANG_WARN_STRICT_PROTOTYPES = YES;
				CLANG_WARN_SUSPICIOUS_MOVE = YES;
				CLANG_WARN_UNREACHABLE_CODE = YES;
				CLANG_WARN__DUPLICATE_METHOD_MATCH = YES;
				COMBINE_HIDPI_IMAGES = YES;
				COPY_PHASE_STRIP = NO;
				DEBUG_INFORMATION_FORMAT = dwarf;
				DYLIB_INSTALL_NAME_BASE = "@rpath";
				ENABLE_NS_ASSERTIONS = YES;
				ENABLE_STRICT_OBJC_MSGSEND = YES;
				ENABLE_TESTABILITY = YES;
				GCC_NO_COMMON_BLOCKS = YES;
				GCC_OPTIMIZATION_LEVEL = 0;
				GCC_WARN_64_TO_32_BIT_CONVERSION = YES;
				GCC_WARN_ABOUT_RETURN_TYPE = YES;
				GCC_WARN_UNDECLARED_SELECTOR = YES;
				GCC_WARN_UNINITIALIZED_AUTOS = YES;
				GCC_WARN_UNUSED_FUNCTION = YES;
				GCC_WARN_UNUSED_VARIABLE = YES;
				MACOSX_DEPLOYMENT_TARGET = 10.12;
				ONLY_ACTIVE_ARCH = YES;
				OTHER_SWIFT_FLAGS = "-DXcode";
				PRODUCT_NAME = "$(TARGET_NAME)";
				SDKROOT = macosx;
				SUPPORTED_PLATFORMS = "macosx iphoneos iphonesimulator appletvos appletvsimulator watchos watchsimulator";
				SWIFT_ACTIVE_COMPILATION_CONDITIONS = SWIFT_PACKAGE;
				SWIFT_OPTIMIZATION_LEVEL = "-Onone";
				SWIFT_VERSION = 5.0;
				USE_HEADERMAP = NO;
			};
			name = Debug;
		};
		OBJ_37 /* Debug */ = {
			isa = XCBuildConfiguration;
			buildSettings = {
				CODE_SIGN_IDENTITY = "-";
				FRAMEWORK_SEARCH_PATHS = (
					"$(inherited)",
					"$(PLATFORM_DIR)/Developer/Library/Frameworks",
				);
				HEADER_SEARCH_PATHS = "$(inherited)";
				INFOPLIST_FILE = Topaz.xcodeproj/Topaz_Info.plist;
				LD_RUNPATH_SEARCH_PATHS = "$(TOOLCHAIN_DIR)/usr/lib/swift/macosx @executable_path";
				OTHER_LDFLAGS = "$(inherited)";
				OTHER_SWIFT_FLAGS = "$(inherited)";
				SWIFT_FORCE_DYNAMIC_LINK_STDLIB = YES;
				SWIFT_FORCE_STATIC_LINK_STDLIB = NO;
				SWIFT_VERSION = 5.0;
				TARGET_NAME = Topaz;
			};
			name = Debug;
		};
		OBJ_38 /* Release */ = {
			isa = XCBuildConfiguration;
			buildSettings = {
				CODE_SIGN_IDENTITY = "-";
				FRAMEWORK_SEARCH_PATHS = (
					"$(inherited)",
					"$(PLATFORM_DIR)/Developer/Library/Frameworks",
				);
				HEADER_SEARCH_PATHS = "$(inherited)";
				INFOPLIST_FILE = Topaz.xcodeproj/Topaz_Info.plist;
				LD_RUNPATH_SEARCH_PATHS = "$(TOOLCHAIN_DIR)/usr/lib/swift/macosx @executable_path";
				OTHER_LDFLAGS = "$(inherited)";
				OTHER_SWIFT_FLAGS = "$(inherited)";
				SWIFT_FORCE_DYNAMIC_LINK_STDLIB = YES;
				SWIFT_FORCE_STATIC_LINK_STDLIB = NO;
				SWIFT_VERSION = 5.0;
				TARGET_NAME = Topaz;
			};
			name = Release;
		};
		OBJ_4 /* Release */ = {
			isa = XCBuildConfiguration;
			buildSettings = {
				CLANG_ANALYZER_LOCALIZABILITY_NONLOCALIZED = YES;
				CLANG_ENABLE_OBJC_ARC = YES;
				CLANG_WARN_BLOCK_CAPTURE_AUTORELEASING = YES;
				CLANG_WARN_BOOL_CONVERSION = YES;
				CLANG_WARN_COMMA = YES;
				CLANG_WARN_CONSTANT_CONVERSION = YES;
				CLANG_WARN_DEPRECATED_OBJC_IMPLEMENTATIONS = YES;
				CLANG_WARN_EMPTY_BODY = YES;
				CLANG_WARN_ENUM_CONVERSION = YES;
				CLANG_WARN_INFINITE_RECURSION = YES;
				CLANG_WARN_INT_CONVERSION = YES;
				CLANG_WARN_NON_LITERAL_NULL_CONVERSION = YES;
				CLANG_WARN_OBJC_IMPLICIT_RETAIN_SELF = YES;
				CLANG_WARN_OBJC_LITERAL_CONVERSION = YES;
				CLANG_WARN_RANGE_LOOP_ANALYSIS = YES;
				CLANG_WARN_STRICT_PROTOTYPES = YES;
				CLANG_WARN_SUSPICIOUS_MOVE = YES;
				CLANG_WARN_UNREACHABLE_CODE = YES;
				CLANG_WARN__DUPLICATE_METHOD_MATCH = YES;
				COMBINE_HIDPI_IMAGES = YES;
				COPY_PHASE_STRIP = YES;
				DEBUG_INFORMATION_FORMAT = "dwarf-with-dsym";
				DYLIB_INSTALL_NAME_BASE = "@rpath";
				ENABLE_STRICT_OBJC_MSGSEND = YES;
				GCC_NO_COMMON_BLOCKS = YES;
				GCC_OPTIMIZATION_LEVEL = s;
				GCC_WARN_64_TO_32_BIT_CONVERSION = YES;
				GCC_WARN_ABOUT_RETURN_TYPE = YES;
				GCC_WARN_UNDECLARED_SELECTOR = YES;
				GCC_WARN_UNINITIALIZED_AUTOS = YES;
				GCC_WARN_UNUSED_FUNCTION = YES;
				GCC_WARN_UNUSED_VARIABLE = YES;
				MACOSX_DEPLOYMENT_TARGET = 10.12;
				OTHER_SWIFT_FLAGS = "-DXcode";
				PRODUCT_NAME = "$(TARGET_NAME)";
				SDKROOT = macosx;
				SUPPORTED_PLATFORMS = "macosx iphoneos iphonesimulator appletvos appletvsimulator watchos watchsimulator";
				SWIFT_ACTIVE_COMPILATION_CONDITIONS = SWIFT_PACKAGE;
				SWIFT_OPTIMIZATION_LEVEL = "-Owholemodule";
				SWIFT_VERSION = 5.0;
				USE_HEADERMAP = NO;
			};
			name = Release;
		};
		OBJ_45 /* Debug */ = {
			isa = XCBuildConfiguration;
			buildSettings = {
				ENABLE_TESTABILITY = YES;
				FRAMEWORK_SEARCH_PATHS = (
					"$(inherited)",
					"$(PLATFORM_DIR)/Developer/Library/Frameworks",
				);
				HEADER_SEARCH_PATHS = "$(inherited)";
				INFOPLIST_FILE = Topaz.xcodeproj/TopazBase_Info.plist;
				LD_RUNPATH_SEARCH_PATHS = "$(TOOLCHAIN_DIR)/usr/lib/swift/macosx";
				OTHER_LDFLAGS = "$(inherited)";
				OTHER_SWIFT_FLAGS = "$(inherited)";
				PRODUCT_BUNDLE_IDENTIFIER = TopazBase;
				PRODUCT_MODULE_NAME = "$(TARGET_NAME:c99extidentifier)";
				PRODUCT_NAME = "$(TARGET_NAME:c99extidentifier)";
				SKIP_INSTALL = YES;
				SWIFT_VERSION = 5.0;
				TARGET_NAME = TopazBase;
			};
			name = Debug;
		};
		OBJ_46 /* Release */ = {
			isa = XCBuildConfiguration;
			buildSettings = {
				ENABLE_TESTABILITY = YES;
				FRAMEWORK_SEARCH_PATHS = (
					"$(inherited)",
					"$(PLATFORM_DIR)/Developer/Library/Frameworks",
				);
				HEADER_SEARCH_PATHS = "$(inherited)";
				INFOPLIST_FILE = Topaz.xcodeproj/TopazBase_Info.plist;
				LD_RUNPATH_SEARCH_PATHS = "$(TOOLCHAIN_DIR)/usr/lib/swift/macosx";
				OTHER_LDFLAGS = "$(inherited)";
				OTHER_SWIFT_FLAGS = "$(inherited)";
				PRODUCT_BUNDLE_IDENTIFIER = TopazBase;
				PRODUCT_MODULE_NAME = "$(TARGET_NAME:c99extidentifier)";
				PRODUCT_NAME = "$(TARGET_NAME:c99extidentifier)";
				SKIP_INSTALL = YES;
				SWIFT_VERSION = 5.0;
				TARGET_NAME = TopazBase;
			};
			name = Release;
		};
		OBJ_52 /* Debug */ = {
			isa = XCBuildConfiguration;
			buildSettings = {
			};
			name = Debug;
		};
		OBJ_53 /* Release */ = {
			isa = XCBuildConfiguration;
			buildSettings = {
			};
			name = Release;
		};
/* End XCBuildConfiguration section */

/* Begin XCConfigurationList section */
		OBJ_2 /* Build configuration list for PBXProject "Topaz" */ = {
			isa = XCConfigurationList;
			buildConfigurations = (
				OBJ_3 /* Debug */,
				OBJ_4 /* Release */,
			);
			defaultConfigurationIsVisible = 0;
			defaultConfigurationName = Debug;
		};
		OBJ_20 /* Build configuration list for PBXNativeTarget "TopazPackageDescription" */ = {
			isa = XCConfigurationList;
			buildConfigurations = (
				OBJ_21 /* Debug */,
				OBJ_22 /* Release */,
			);
			defaultConfigurationIsVisible = 0;
			defaultConfigurationName = Debug;
		};
		OBJ_26 /* Build configuration list for PBXNativeTarget "TopazTests" */ = {
			isa = XCConfigurationList;
			buildConfigurations = (
				OBJ_27 /* Debug */,
				OBJ_28 /* Release */,
			);
			defaultConfigurationIsVisible = 0;
			defaultConfigurationName = Debug;
		};
		OBJ_36 /* Build configuration list for PBXNativeTarget "Topaz" */ = {
			isa = XCConfigurationList;
			buildConfigurations = (
				OBJ_37 /* Debug */,
				OBJ_38 /* Release */,
			);
			defaultConfigurationIsVisible = 0;
			defaultConfigurationName = Debug;
		};
		OBJ_44 /* Build configuration list for PBXNativeTarget "TopazBase" */ = {
			isa = XCConfigurationList;
			buildConfigurations = (
				OBJ_45 /* Debug */,
				OBJ_46 /* Release */,
			);
			defaultConfigurationIsVisible = 0;
			defaultConfigurationName = Debug;
		};
		OBJ_51 /* Build configuration list for PBXAggregateTarget "TopazPackageTests" */ = {
			isa = XCConfigurationList;
			buildConfigurations = (
				OBJ_52 /* Debug */,
				OBJ_53 /* Release */,
			);
			defaultConfigurationIsVisible = 0;
			defaultConfigurationName = Debug;
		};
/* End XCConfigurationList section */
	};
	rootObject = OBJ_1 /* Project object */;
}
